// !$*UTF8*$!
{
	archiveVersion = 1;
	classes = {
	};
	objectVersion = 48;
	objects = {

/* Begin PBXBuildFile section */
		478283E51FA2A5390078ABBD /* AddViewController.swift in Sources */ = {isa = PBXBuildFile; fileRef = 478283E41FA2A5390078ABBD /* AddViewController.swift */; };
		47A0F90B1FA2977B00C09B59 /* AppDelegate.swift in Sources */ = {isa = PBXBuildFile; fileRef = 47A0F90A1FA2977B00C09B59 /* AppDelegate.swift */; };
		47A0F9101FA2977B00C09B59 /* Main.storyboard in Resources */ = {isa = PBXBuildFile; fileRef = 47A0F90E1FA2977B00C09B59 /* Main.storyboard */; };
		47A0F9131FA2977B00C09B59 /* CoreDataTableView.xcdatamodeld in Sources */ = {isa = PBXBuildFile; fileRef = 47A0F9111FA2977B00C09B59 /* CoreDataTableView.xcdatamodeld */; };
		47A0F9151FA2977B00C09B59 /* Assets.xcassets in Resources */ = {isa = PBXBuildFile; fileRef = 47A0F9141FA2977B00C09B59 /* Assets.xcassets */; };
		47A0F9181FA2977B00C09B59 /* LaunchScreen.storyboard in Resources */ = {isa = PBXBuildFile; fileRef = 47A0F9161FA2977B00C09B59 /* LaunchScreen.storyboard */; };
		47A0F9201FA299CB00C09B59 /* CategoryTableViewController.swift in Sources */ = {isa = PBXBuildFile; fileRef = 47A0F91F1FA299CB00C09B59 /* CategoryTableViewController.swift */; };
		47A0F9231FA29A8C00C09B59 /* CategoryTableViewCell.swift in Sources */ = {isa = PBXBuildFile; fileRef = 47A0F9221FA29A8C00C09B59 /* CategoryTableViewCell.swift */; };
		47A0F9261FA29B5A00C09B59 /* Category.swift in Sources */ = {isa = PBXBuildFile; fileRef = 47A0F9251FA29B5A00C09B59 /* Category.swift */; };
		47A0F9281FA29B7900C09B59 /* Product.swift in Sources */ = {isa = PBXBuildFile; fileRef = 47A0F9271FA29B7900C09B59 /* Product.swift */; };
/* End PBXBuildFile section */

/* Begin PBXFileReference section */
		478283E41FA2A5390078ABBD /* AddViewController.swift */ = {isa = PBXFileReference; lastKnownFileType = sourcecode.swift; path = AddViewController.swift; sourceTree = "<group>"; };
		47A0F9071FA2977B00C09B59 /* CoreDataTableView.app */ = {isa = PBXFileReference; explicitFileType = wrapper.application; includeInIndex = 0; path = CoreDataTableView.app; sourceTree = BUILT_PRODUCTS_DIR; };
		47A0F90A1FA2977B00C09B59 /* AppDelegate.swift */ = {isa = PBXFileReference; lastKnownFileType = sourcecode.swift; path = AppDelegate.swift; sourceTree = "<group>"; };
		47A0F90F1FA2977B00C09B59 /* Base */ = {isa = PBXFileReference; lastKnownFileType = file.storyboard; name = Base; path = Base.lproj/Main.storyboard; sourceTree = "<group>"; };
		47A0F9121FA2977B00C09B59 /* CoreDataTableView.xcdatamodel */ = {isa = PBXFileReference; lastKnownFileType = wrapper.xcdatamodel; path = CoreDataTableView.xcdatamodel; sourceTree = "<group>"; };
		47A0F9141FA2977B00C09B59 /* Assets.xcassets */ = {isa = PBXFileReference; lastKnownFileType = folder.assetcatalog; path = Assets.xcassets; sourceTree = "<group>"; };
		47A0F9171FA2977B00C09B59 /* Base */ = {isa = PBXFileReference; lastKnownFileType = file.storyboard; name = Base; path = Base.lproj/LaunchScreen.storyboard; sourceTree = "<group>"; };
		47A0F9191FA2977B00C09B59 /* Info.plist */ = {isa = PBXFileReference; lastKnownFileType = text.plist.xml; path = Info.plist; sourceTree = "<group>"; };
		47A0F91F1FA299CB00C09B59 /* CategoryTableViewController.swift */ = {isa = PBXFileReference; lastKnownFileType = sourcecode.swift; path = CategoryTableViewController.swift; sourceTree = "<group>"; };
		47A0F9221FA29A8C00C09B59 /* CategoryTableViewCell.swift */ = {isa = PBXFileReference; lastKnownFileType = sourcecode.swift; path = CategoryTableViewCell.swift; sourceTree = "<group>"; };
		47A0F9251FA29B5A00C09B59 /* Category.swift */ = {isa = PBXFileReference; lastKnownFileType = sourcecode.swift; path = Category.swift; sourceTree = "<group>"; };
		47A0F9271FA29B7900C09B59 /* Product.swift */ = {isa = PBXFileReference; lastKnownFileType = sourcecode.swift; path = Product.swift; sourceTree = "<group>"; };
/* End PBXFileReference section */

/* Begin PBXFrameworksBuildPhase section */
		47A0F9041FA2977B00C09B59 /* Frameworks */ = {
			isa = PBXFrameworksBuildPhase;
			buildActionMask = 2147483647;
			files = (
			);
			runOnlyForDeploymentPostprocessing = 0;
		};
/* End PBXFrameworksBuildPhase section */

/* Begin PBXGroup section */
		478283E31FA2A2B20078ABBD /* addview */ = {
			isa = PBXGroup;
			children = (
				478283E41FA2A5390078ABBD /* AddViewController.swift */,
			);
			path = addview;
			sourceTree = "<group>";
		};
		47A0F8FE1FA2977B00C09B59 = {
			isa = PBXGroup;
			children = (
				47A0F9091FA2977B00C09B59 /* CoreDataTableView */,
				47A0F9081FA2977B00C09B59 /* Products */,
			);
			sourceTree = "<group>";
		};
		47A0F9081FA2977B00C09B59 /* Products */ = {
			isa = PBXGroup;
			children = (
				47A0F9071FA2977B00C09B59 /* CoreDataTableView.app */,
			);
			name = Products;
			sourceTree = "<group>";
		};
		47A0F9091FA2977B00C09B59 /* CoreDataTableView */ = {
			isa = PBXGroup;
			children = (
				478283E31FA2A2B20078ABBD /* addview */,
				47A0F9241FA29B2900C09B59 /* models */,
				47A0F9211FA29A5E00C09B59 /* firstView */,
				47A0F90A1FA2977B00C09B59 /* AppDelegate.swift */,
				47A0F90E1FA2977B00C09B59 /* Main.storyboard */,
				47A0F9141FA2977B00C09B59 /* Assets.xcassets */,
				47A0F9161FA2977B00C09B59 /* LaunchScreen.storyboard */,
				47A0F9191FA2977B00C09B59 /* Info.plist */,
				47A0F9111FA2977B00C09B59 /* CoreDataTableView.xcdatamodeld */,
			);
			path = CoreDataTableView;
			sourceTree = "<group>";
		};
		47A0F9211FA29A5E00C09B59 /* firstView */ = {
			isa = PBXGroup;
			children = (
				47A0F91F1FA299CB00C09B59 /* CategoryTableViewController.swift */,
				47A0F9221FA29A8C00C09B59 /* CategoryTableViewCell.swift */,
			);
			path = firstView;
			sourceTree = "<group>";
		};
		47A0F9241FA29B2900C09B59 /* models */ = {
			isa = PBXGroup;
			children = (
				47A0F9251FA29B5A00C09B59 /* Category.swift */,
				47A0F9271FA29B7900C09B59 /* Product.swift */,
			);
			path = models;
			sourceTree = "<group>";
		};
/* End PBXGroup section */

/* Begin PBXNativeTarget section */
		47A0F9061FA2977B00C09B59 /* CoreDataTableView */ = {
			isa = PBXNativeTarget;
			buildConfigurationList = 47A0F91C1FA2977B00C09B59 /* Build configuration list for PBXNativeTarget "CoreDataTableView" */;
			buildPhases = (
				47A0F9031FA2977B00C09B59 /* Sources */,
				47A0F9041FA2977B00C09B59 /* Frameworks */,
				47A0F9051FA2977B00C09B59 /* Resources */,
			);
			buildRules = (
			);
			dependencies = (
			);
			name = CoreDataTableView;
			productName = CoreDataTableView;
			productReference = 47A0F9071FA2977B00C09B59 /* CoreDataTableView.app */;
			productType = "com.apple.product-type.application";
		};
/* End PBXNativeTarget section */

/* Begin PBXProject section */
		47A0F8FF1FA2977B00C09B59 /* Project object */ = {
			isa = PBXProject;
			attributes = {
				LastSwiftUpdateCheck = 0900;
				LastUpgradeCheck = 0900;
				ORGANIZATIONNAME = kenth;
				TargetAttributes = {
					47A0F9061FA2977B00C09B59 = {
						CreatedOnToolsVersion = 9.0;
						ProvisioningStyle = Automatic;
					};
				};
			};
			buildConfigurationList = 47A0F9021FA2977B00C09B59 /* Build configuration list for PBXProject "CoreDataTableView" */;
			compatibilityVersion = "Xcode 8.0";
			developmentRegion = en;
			hasScannedForEncodings = 0;
			knownRegions = (
				en,
				Base,
			);
			mainGroup = 47A0F8FE1FA2977B00C09B59;
			productRefGroup = 47A0F9081FA2977B00C09B59 /* Products */;
			projectDirPath = "";
			projectRoot = "";
			targets = (
				47A0F9061FA2977B00C09B59 /* CoreDataTableView */,
			);
		};
/* End PBXProject section */

/* Begin PBXResourcesBuildPhase section */
		47A0F9051FA2977B00C09B59 /* Resources */ = {
			isa = PBXResourcesBuildPhase;
			buildActionMask = 2147483647;
			files = (
				47A0F9181FA2977B00C09B59 /* LaunchScreen.storyboard in Resources */,
				47A0F9151FA2977B00C09B59 /* Assets.xcassets in Resources */,
				47A0F9101FA2977B00C09B59 /* Main.storyboard in Resources */,
			);
			runOnlyForDeploymentPostprocessing = 0;
		};
/* End PBXResourcesBuildPhase section */

/* Begin PBXSourcesBuildPhase section */
		47A0F9031FA2977B00C09B59 /* Sources */ = {
			isa = PBXSourcesBuildPhase;
			buildActionMask = 2147483647;
			files = (
				47A0F9131FA2977B00C09B59 /* CoreDataTableView.xcdatamodeld in Sources */,
				47A0F9261FA29B5A00C09B59 /* Category.swift in Sources */,
				478283E51FA2A5390078ABBD /* AddViewController.swift in Sources */,
				47A0F90B1FA2977B00C09B59 /* AppDelegate.swift in Sources */,
				47A0F9201FA299CB00C09B59 /* CategoryTableViewController.swift in Sources */,
				47A0F9231FA29A8C00C09B59 /* CategoryTableViewCell.swift in Sources */,
				47A0F9281FA29B7900C09B59 /* Product.swift in Sources */,
			);
			runOnlyForDeploymentPostprocessing = 0;
		};
/* End PBXSourcesBuildPhase section */

/* Begin PBXVariantGroup section */
		47A0F90E1FA2977B00C09B59 /* Main.storyboard */ = {
			isa = PBXVariantGroup;
			children = (
				47A0F90F1FA2977B00C09B59 /* Base */,
			);
			name = Main.storyboard;
			sourceTree = "<group>";
		};
		47A0F9161FA2977B00C09B59 /* LaunchScreen.storyboard */ = {
			isa = PBXVariantGroup;
			children = (
				47A0F9171FA2977B00C09B59 /* Base */,
			);
			name = LaunchScreen.storyboard;
			sourceTree = "<group>";
		};
/* End PBXVariantGroup section */

/* Begin XCBuildConfiguration section */
		47A0F91A1FA2977B00C09B59 /* Debug */ = {
			isa = XCBuildConfiguration;
			buildSettings = {
				ALWAYS_SEARCH_USER_PATHS = NO;
				CLANG_ANALYZER_NONNULL = YES;
				CLANG_ANALYZER_NUMBER_OBJECT_CONVERSION = YES_AGGRESSIVE;
				CLANG_CXX_LANGUAGE_STANDARD = "gnu++14";
				CLANG_CXX_LIBRARY = "libc++";
				CLANG_ENABLE_MODULES = YES;
				CLANG_ENABLE_OBJC_ARC = YES;
				CLANG_WARN_BLOCK_CAPTURE_AUTORELEASING = YES;
				CLANG_WARN_BOOL_CONVERSION = YES;
				CLANG_WARN_COMMA = YES;
				CLANG_WARN_CONSTANT_CONVERSION = YES;
				CLANG_WARN_DIRECT_OBJC_ISA_USAGE = YES_ERROR;
				CLANG_WARN_DOCUMENTATION_COMMENTS = YES;
				CLANG_WARN_EMPTY_BODY = YES;
				CLANG_WARN_ENUM_CONVERSION = YES;
				CLANG_WARN_INFINITE_RECURSION = YES;
				CLANG_WARN_INT_CONVERSION = YES;
				CLANG_WARN_NON_LITERAL_NULL_CONVERSION = YES;
				CLANG_WARN_OBJC_LITERAL_CONVERSION = YES;
				CLANG_WARN_OBJC_ROOT_CLASS = YES_ERROR;
				CLANG_WARN_RANGE_LOOP_ANALYSIS = YES;
				CLANG_WARN_STRICT_PROTOTYPES = YES;
				CLANG_WARN_SUSPICIOUS_MOVE = YES;
				CLANG_WARN_UNGUARDED_AVAILABILITY = YES_AGGRESSIVE;
				CLANG_WARN_UNREACHABLE_CODE = YES;
				CLANG_WARN__DUPLICATE_METHOD_MATCH = YES;
				CODE_SIGN_IDENTITY = "iPhone Developer";
				COPY_PHASE_STRIP = NO;
				DEBUG_INFORMATION_FORMAT = dwarf;
				ENABLE_STRICT_OBJC_MSGSEND = YES;
				ENABLE_TESTABILITY = YES;
				GCC_C_LANGUAGE_STANDARD = gnu11;
				GCC_DYNAMIC_NO_PIC = NO;
				GCC_NO_COMMON_BLOCKS = YES;
				GCC_OPTIMIZATION_LEVEL = 0;
				GCC_PREPROCESSOR_DEFINITIONS = (
					"DEBUG=1",
					"$(inherited)",
				);
				GCC_WARN_64_TO_32_BIT_CONVERSION = YES;
				GCC_WARN_ABOUT_RETURN_TYPE = YES_ERROR;
				GCC_WARN_UNDECLARED_SELECTOR = YES;
				GCC_WARN_UNINITIALIZED_AUTOS = YES_AGGRESSIVE;
				GCC_WARN_UNUSED_FUNCTION = YES;
				GCC_WARN_UNUSED_VARIABLE = YES;
				IPHONEOS_DEPLOYMENT_TARGET = 11.0;
				MTL_ENABLE_DEBUG_INFO = YES;
				ONLY_ACTIVE_ARCH = YES;
				SDKROOT = iphoneos;
				SWIFT_ACTIVE_COMPILATION_CONDITIONS = DEBUG;
				SWIFT_OPTIMIZATION_LEVEL = "-Onone";
			};
			name = Debug;
		};
		47A0F91B1FA2977B00C09B59 /* Release */ = {
			isa = XCBuildConfiguration;
			buildSettings = {
				ALWAYS_SEARCH_USER_PATHS = NO;
				CLANG_ANALYZER_NONNULL = YES;
				CLANG_ANALYZER_NUMBER_OBJECT_CONVERSION = YES_AGGRESSIVE;
				CLANG_CXX_LANGUAGE_STANDARD = "gnu++14";
				CLANG_CXX_LIBRARY = "libc++";
				CLANG_ENABLE_MODULES = YES;
				CLANG_ENABLE_OBJC_ARC = YES;
				CLANG_WARN_BLOCK_CAPTURE_AUTORELEASING = YES;
				CLANG_WARN_BOOL_CONVERSION = YES;
				CLANG_WARN_COMMA = YES;
				CLANG_WARN_CONSTANT_CONVERSION = YES;
				CLANG_WARN_DIRECT_OBJC_ISA_USAGE = YES_ERROR;
				CLANG_WARN_DOCUMENTATION_COMMENTS = YES;
				CLANG_WARN_EMPTY_BODY = YES;
				CLANG_WARN_ENUM_CONVERSION = YES;
				CLANG_WARN_INFINITE_RECURSION = YES;
				CLANG_WARN_INT_CONVERSION = YES;
				CLANG_WARN_NON_LITERAL_NULL_CONVERSION = YES;
				CLANG_WARN_OBJC_LITERAL_CONVERSION = YES;
				CLANG_WARN_OBJC_ROOT_CLASS = YES_ERROR;
				CLANG_WARN_RANGE_LOOP_ANALYSIS = YES;
				CLANG_WARN_STRICT_PROTOTYPES = YES;
				CLANG_WARN_SUSPICIOUS_MOVE = YES;
				CLANG_WARN_UNGUARDED_AVAILABILITY = YES_AGGRESSIVE;
				CLANG_WARN_UNREACHABLE_CODE = YES;
				CLANG_WARN__DUPLICATE_METHOD_MATCH = YES;
				CODE_SIGN_IDENTITY = "iPhone Developer";
				COPY_PHASE_STRIP = NO;
				DEBUG_INFORMATION_FORMAT = "dwarf-with-dsym";
				ENABLE_NS_ASSERTIONS = NO;
				ENABLE_STRICT_OBJC_MSGSEND = YES;
				GCC_C_LANGUAGE_STANDARD = gnu11;
				GCC_NO_COMMON_BLOCKS = YES;
				GCC_WARN_64_TO_32_BIT_CONVERSION = YES;
				GCC_WARN_ABOUT_RETURN_TYPE = YES_ERROR;
				GCC_WARN_UNDECLARED_SELECTOR = YES;
				GCC_WARN_UNINITIALIZED_AUTOS = YES_AGGRESSIVE;
				GCC_WARN_UNUSED_FUNCTION = YES;
				GCC_WARN_UNUSED_VARIABLE = YES;
				IPHONEOS_DEPLOYMENT_TARGET = 11.0;
				MTL_ENABLE_DEBUG_INFO = NO;
				SDKROOT = iphoneos;
				SWIFT_OPTIMIZATION_LEVEL = "-Owholemodule";
				VALIDATE_PRODUCT = YES;
			};
			name = Release;
		};
		47A0F91D1FA2977B00C09B59 /* Debug */ = {
			isa = XCBuildConfiguration;
			buildSettings = {
				ASSETCATALOG_COMPILER_APPICON_NAME = AppIcon;
				CODE_SIGN_STYLE = Automatic;
				DEVELOPMENT_TEAM = QXWBHRRVR3;
				INFOPLIST_FILE = CoreDataTableView/Info.plist;
				LD_RUNPATH_SEARCH_PATHS = "$(inherited) @executable_path/Frameworks";
				PRODUCT_BUNDLE_IDENTIFIER = kenth.CoreDataTableView;
				PRODUCT_NAME = "$(TARGET_NAME)";
				SWIFT_VERSION = 4.0;
				TARGETED_DEVICE_FAMILY = "1,2";
			};
			name = Debug;
		};
		47A0F91E1FA2977B00C09B59 /* Release */ = {
			isa = XCBuildConfiguration;
			buildSettings = {
				ASSETCATALOG_COMPILER_APPICON_NAME = AppIcon;
				CODE_SIGN_STYLE = Automatic;
				DEVELOPMENT_TEAM = QXWBHRRVR3;
				INFOPLIST_FILE = CoreDataTableView/Info.plist;
				LD_RUNPATH_SEARCH_PATHS = "$(inherited) @executable_path/Frameworks";
				PRODUCT_BUNDLE_IDENTIFIER = kenth.CoreDataTableView;
				PRODUCT_NAME = "$(TARGET_NAME)";
				SWIFT_VERSION = 4.0;
				TARGETED_DEVICE_FAMILY = "1,2";
			};
			name = Release;
		};
/* End XCBuildConfiguration section */

/* Begin XCConfigurationList section */
		47A0F9021FA2977B00C09B59 /* Build configuration list for PBXProject "CoreDataTableView" */ = {
			isa = XCConfigurationList;
			buildConfigurations = (
				47A0F91A1FA2977B00C09B59 /* Debug */,
				47A0F91B1FA2977B00C09B59 /* Release */,
			);
			defaultConfigurationIsVisible = 0;
			defaultConfigurationName = Release;
		};
		47A0F91C1FA2977B00C09B59 /* Build configuration list for PBXNativeTarget "CoreDataTableView" */ = {
			isa = XCConfigurationList;
			buildConfigurations = (
				47A0F91D1FA2977B00C09B59 /* Debug */,
				47A0F91E1FA2977B00C09B59 /* Release */,
			);
			defaultConfigurationIsVisible = 0;
			defaultConfigurationName = Release;
		};
/* End XCConfigurationList section */

/* Begin XCVersionGroup section */
		47A0F9111FA2977B00C09B59 /* CoreDataTableView.xcdatamodeld */ = {
			isa = XCVersionGroup;
			children = (
				47A0F9121FA2977B00C09B59 /* CoreDataTableView.xcdatamodel */,
			);
			currentVersion = 47A0F9121FA2977B00C09B59 /* CoreDataTableView.xcdatamodel */;
			path = CoreDataTableView.xcdatamodeld;
			sourceTree = "<group>";
			versionGroupType = wrapper.xcdatamodel;
		};
/* End XCVersionGroup section */
	};
	rootObject = 47A0F8FF1FA2977B00C09B59 /* Project object */;
}
